
Microsoft Visual Studio Solution File, Format Version 12.00
# Visual Studio Version 17
VisualStudioVersion = 17.10.34928.147
MinimumVisualStudioVersion = 10.0.40219.1
Project("{9A19103F-16F7-4668-BE54-9A1E7A4F7556}") = "LiveChat.Domain", "LiveChat.Domain\LiveChat.Domain.csproj", "{CAC56224-3F98-462C-92C9-9D965C6B95E3}"
EndProject
Project("{9A19103F-16F7-4668-BE54-9A1E7A4F7556}") = "LiveChat.Infraestructure", "LiveChat.Infraestructure\LiveChat.Infraestructure.csproj", "{7C234D0F-A388-421B-AAA4-A17F31E5779A}"
EndProject
Project("{9A19103F-16F7-4668-BE54-9A1E7A4F7556}") = "LiveChat.Application", "LiveChat.Application\LiveChat.Application.csproj", "{D9203503-C636-4B94-8373-FC43A694CDE0}"
EndProject
Project("{9A19103F-16F7-4668-BE54-9A1E7A4F7556}") = "LiveChat.Api", "LiveChat.Api\LiveChat.Api.csproj", "{6B87B6E2-B4BB-4DDD-BE6F-39CF17398B78}"
EndProject
Project("{9A19103F-16F7-4668-BE54-9A1E7A4F7556}") = "LiveChat.Api.Integration", "LiveChat.Api.Integration\LiveChat.Api.Integration.csproj", "{FA53C7F0-C9FD-4985-BFA6-EC205552B8B1}"
EndProject
Project("{9A19103F-16F7-4668-BE54-9A1E7A4F7556}") = "LiveChat.Apresentation", "LiveChat.Apresentation\LiveChat.Apresentation.csproj", "{67DF6D1C-0F99-4BA6-839A-FFE5EE46B055}"
EndProject
Project("{E53339B2-1760-4266-BCC7-CA923CBCF16C}") = "docker-compose", "docker-compose.dcproj", "{BAF57DF0-03E6-4728-B859-AC16B9617068}"
EndProject
Global
	GlobalSection(SolutionConfigurationPlatforms) = preSolution
		Debug|Any CPU = Debug|Any CPU
		Release|Any CPU = Release|Any CPU
	EndGlobalSection
	GlobalSection(ProjectConfigurationPlatforms) = postSolution
		{CAC56224-3F98-462C-92C9-9D965C6B95E3}.Debug|Any CPU.ActiveCfg = Debug|Any CPU
		{CAC56224-3F98-462C-92C9-9D965C6B95E3}.Debug|Any CPU.Build.0 = Debug|Any CPU
		{CAC56224-3F98-462C-92C9-9D965C6B95E3}.Release|Any CPU.ActiveCfg = Release|Any CPU
		{CAC56224-3F98-462C-92C9-9D965C6B95E3}.Release|Any CPU.Build.0 = Release|Any CPU
		{7C234D0F-A388-421B-AAA4-A17F31E5779A}.Debug|Any CPU.ActiveCfg = Debug|Any CPU
		{7C234D0F-A388-421B-AAA4-A17F31E5779A}.Debug|Any CPU.Build.0 = Debug|Any CPU
		{7C234D0F-A388-421B-AAA4-A17F31E5779A}.Release|Any CPU.ActiveCfg = Release|Any CPU
		{7C234D0F-A388-421B-AAA4-A17F31E5779A}.Release|Any CPU.Build.0 = Release|Any CPU
		{D9203503-C636-4B94-8373-FC43A694CDE0}.Debug|Any CPU.ActiveCfg = Debug|Any CPU
		{D9203503-C636-4B94-8373-FC43A694CDE0}.Debug|Any CPU.Build.0 = Debug|Any CPU
		{D9203503-C636-4B94-8373-FC43A694CDE0}.Release|Any CPU.ActiveCfg = Release|Any CPU
		{D9203503-C636-4B94-8373-FC43A694CDE0}.Release|Any CPU.Build.0 = Release|Any CPU
		{6B87B6E2-B4BB-4DDD-BE6F-39CF17398B78}.Debug|Any CPU.ActiveCfg = Debug|Any CPU
		{6B87B6E2-B4BB-4DDD-BE6F-39CF17398B78}.Debug|Any CPU.Build.0 = Debug|Any CPU
		{6B87B6E2-B4BB-4DDD-BE6F-39CF17398B78}.Release|Any CPU.ActiveCfg = Release|Any CPU
		{6B87B6E2-B4BB-4DDD-BE6F-39CF17398B78}.Release|Any CPU.Build.0 = Release|Any CPU
		{FA53C7F0-C9FD-4985-BFA6-EC205552B8B1}.Debug|Any CPU.ActiveCfg = Debug|Any CPU
		{FA53C7F0-C9FD-4985-BFA6-EC205552B8B1}.Debug|Any CPU.Build.0 = Debug|Any CPU
		{FA53C7F0-C9FD-4985-BFA6-EC205552B8B1}.Release|Any CPU.ActiveCfg = Release|Any CPU
		{FA53C7F0-C9FD-4985-BFA6-EC205552B8B1}.Release|Any CPU.Build.0 = Release|Any CPU
		{67DF6D1C-0F99-4BA6-839A-FFE5EE46B055}.Debug|Any CPU.ActiveCfg = Debug|Any CPU
		{67DF6D1C-0F99-4BA6-839A-FFE5EE46B055}.Debug|Any CPU.Build.0 = Debug|Any CPU
		{67DF6D1C-0F99-4BA6-839A-FFE5EE46B055}.Release|Any CPU.ActiveCfg = Release|Any CPU
		{67DF6D1C-0F99-4BA6-839A-FFE5EE46B055}.Release|Any CPU.Build.0 = Release|Any CPU
		{BAF57DF0-03E6-4728-B859-AC16B9617068}.Debug|Any CPU.ActiveCfg = Debug|Any CPU
		{BAF57DF0-03E6-4728-B859-AC16B9617068}.Debug|Any CPU.Build.0 = Debug|Any CPU
		{BAF57DF0-03E6-4728-B859-AC16B9617068}.Release|Any CPU.ActiveCfg = Release|Any CPU
		{BAF57DF0-03E6-4728-B859-AC16B9617068}.Release|Any CPU.Build.0 = Release|Any CPU
	EndGlobalSection
	GlobalSection(SolutionProperties) = preSolution
		HideSolutionNode = FALSE
	EndGlobalSection
	GlobalSection(ExtensibilityGlobals) = postSolution
		SolutionGuid = {BB98BFEF-67DA-47F7-8F06-B0B5778840D2}
	EndGlobalSection
EndGlobal
